{
  "contractsVersion": "0.2.1",
  "scenes": {
    "web:service-map-live": "4505098de114497536e320619895fb2b639a5c4897612a357423aeffd0d7a8d5",
    "web:service-map-degraded": "97930ce767f6062a59311dcf8ecb1ac4ec0f3d890c941e2609b9eaf422a57515",
    "web:no-zerops": "fb20334cc1ef9313ada52faf5d5a855fd870efdeda986c1957d958c4f3245843",
    "web:lifecycle-active": "300656d1684a7362acbab1031cbce4ad3d92036b4561d7f8591efc8b0d158eca",
    "web:lifecycle-waiting": "18dda34153447ce1775aebb9d395bb23ae7accca60002c0c5a179e790959eb47",
    "web:agent-auth-attention": "d6e9549ef34211f5c0e8cf985ce2cd0be31465d9b3bebeb44ad574ecae8d5d27",
    "web:agent-auth-ok": "cfa713db1467ad8f3b2b15fc4d4b315cd011062d77e59340a62cff54c31310b2",
    "web:cards": "4161359b50142d51bb9c527689853dbae129080683f8c8c03949f1e36c17ca23"
  }
}
