{
  "contractsVersion": "0.1.0",
  "scenes": {
    "web:service-map-live": "1dad4cf5e912a4d80b2c2dc123bcb3915d1cc65790bac48bc702b32ed2ace5c2",
    "web:service-map-degraded": "3478cd5930bfaf6122007eba3fded49b12077ce3a3d8342d6e3d92489b6e9a99",
    "web:no-zerops": "c17c7afd418749b94386f4ee9286597e67b0cdbc7101eeb0c1dacd8d87b41164",
    "web:lifecycle-active": "75e76cdf760a8f082093165a35e1291b250921f412e37bf5504e8a70cf2edd9c",
    "web:lifecycle-waiting": "080efc55f899572181f4a9b7044bbd85e70f02a11d50e3e2002c62b035f7d296",
    "web:agent-auth-attention": "71112d9cb95dc8da57007eaba594884906c2020c1bfd2b6243b0790189392699",
    "web:agent-auth-ok": "9f5c7931c1c2d51115320f5f1d34aff6271e7fa218e3ffe0b28f42650b679f35",
    "web:cards": "0be40d5397e39146208755a3ee414c8f4d683b4ee487da5dbbc01601e6f20ceb"
  }
}
